// !$*UTF8*$!
{
	archiveVersion = 1;
	classes = {
	};
	objectVersion = 52;
	objects = {

/* Begin PBXBuildFile section */
		0621BB562431053400B483AD /* Extensions.swift in Sources */ = {isa = PBXBuildFile; fileRef = 0621BB552431053400B483AD /* Extensions.swift */; };
		06378ED9242916220034153A /* SelectionAlertController.swift in Sources */ = {isa = PBXBuildFile; fileRef = 06378ED8242916220034153A /* SelectionAlertController.swift */; };
		06441BC424144ABF00FD272F /* SwiftyJSON in Frameworks */ = {isa = PBXBuildFile; productRef = 06441BC324144ABF00FD272F /* SwiftyJSON */; };
		0680A2F82420409700B98ABA /* StarredViewController.swift in Sources */ = {isa = PBXBuildFile; fileRef = 0680A2F72420409700B98ABA /* StarredViewController.swift */; };
		0680A2FA242041CF00B98ABA /* StarredScrollViewController.swift in Sources */ = {isa = PBXBuildFile; fileRef = 0680A2F9242041CF00B98ABA /* StarredScrollViewController.swift */; };
		06814EBE23B481C400F9692A /* DataSource.swift in Sources */ = {isa = PBXBuildFile; fileRef = 06814EBD23B481C400F9692A /* DataSource.swift */; };
		06814EC223B487CE00F9692A /* RecentsViewController.swift in Sources */ = {isa = PBXBuildFile; fileRef = 06814EC123B487CE00F9692A /* RecentsViewController.swift */; };
		06814EC423B488E300F9692A /* RecentsTableViewController.swift in Sources */ = {isa = PBXBuildFile; fileRef = 06814EC323B488E300F9692A /* RecentsTableViewController.swift */; };
		06D42A2323B1A5F3008C77F9 /* AppDelegate.swift in Sources */ = {isa = PBXBuildFile; fileRef = 06D42A2223B1A5F3008C77F9 /* AppDelegate.swift */; };
		06D42A2523B1A5F3008C77F9 /* SceneDelegate.swift in Sources */ = {isa = PBXBuildFile; fileRef = 06D42A2423B1A5F3008C77F9 /* SceneDelegate.swift */; };
		06D42A2E23B1A5F5008C77F9 /* Assets.xcassets in Resources */ = {isa = PBXBuildFile; fileRef = 06D42A2D23B1A5F5008C77F9 /* Assets.xcassets */; };
		06DAF97B26875A5400140766 /* CalculationPageController.swift in Sources */ = {isa = PBXBuildFile; fileRef = 06DAF97A26875A5400140766 /* CalculationPageController.swift */; };
		06E9B7A123B5591200109CB1 /* NewCalculation.swift in Sources */ = {isa = PBXBuildFile; fileRef = 06E9B7A023B5591200109CB1 /* NewCalculation.swift */; };
		06F13A1B24243EBC003A21DD /* SettingsController.swift in Sources */ = {isa = PBXBuildFile; fileRef = 06F13A1A24243EBC003A21DD /* SettingsController.swift */; };
		7A5D42B6267EAB3500FC8C39 /* NewGroup.swift in Sources */ = {isa = PBXBuildFile; fileRef = 7A5D42B5267EAB3500FC8C39 /* NewGroup.swift */; };
		7A8D39172677B97400A6D5E1 /* Main.storyboard in Resources */ = {isa = PBXBuildFile; fileRef = 7A8D39152677B97400A6D5E1 /* Main.storyboard */; };
		7AAE058C26A8E18A00B27011 /* Localizable.strings in Resources */ = {isa = PBXBuildFile; fileRef = 7AAE058A26A8E18A00B27011 /* Localizable.strings */; };
		7ACEF163267FC45B00E51F3B /* CalculationCell.swift in Sources */ = {isa = PBXBuildFile; fileRef = 7ACEF162267FC45B00E51F3B /* CalculationCell.swift */; };
		7ACEF165267FC47D00E51F3B /* GroupCell.swift in Sources */ = {isa = PBXBuildFile; fileRef = 7ACEF164267FC47D00E51F3B /* GroupCell.swift */; };
/* End PBXBuildFile section */

/* Begin PBXFileReference section */
		0621BB552431053400B483AD /* Extensions.swift */ = {isa = PBXFileReference; lastKnownFileType = sourcecode.swift; path = Extensions.swift; sourceTree = "<group>"; };
		06378ED8242916220034153A /* SelectionAlertController.swift */ = {isa = PBXFileReference; lastKnownFileType = sourcecode.swift; path = SelectionAlertController.swift; sourceTree = "<group>"; };
		0680A2F72420409700B98ABA /* StarredViewController.swift */ = {isa = PBXFileReference; lastKnownFileType = sourcecode.swift; path = StarredViewController.swift; sourceTree = "<group>"; };
		0680A2F9242041CF00B98ABA /* StarredScrollViewController.swift */ = {isa = PBXFileReference; lastKnownFileType = sourcecode.swift; path = StarredScrollViewController.swift; sourceTree = "<group>"; };
		06814EBD23B481C400F9692A /* DataSource.swift */ = {isa = PBXFileReference; lastKnownFileType = sourcecode.swift; path = DataSource.swift; sourceTree = "<group>"; };
		06814EC123B487CE00F9692A /* RecentsViewController.swift */ = {isa = PBXFileReference; fileEncoding = 4; lastKnownFileType = sourcecode.swift; path = RecentsViewController.swift; sourceTree = "<group>"; };
		06814EC323B488E300F9692A /* RecentsTableViewController.swift */ = {isa = PBXFileReference; fileEncoding = 4; lastKnownFileType = sourcecode.swift; path = RecentsTableViewController.swift; sourceTree = "<group>"; };
		06D42A1F23B1A5F3008C77F9 /* MortgageCalculator.app */ = {isa = PBXFileReference; explicitFileType = wrapper.application; includeInIndex = 0; path = MortgageCalculator.app; sourceTree = BUILT_PRODUCTS_DIR; };
		06D42A2223B1A5F3008C77F9 /* AppDelegate.swift */ = {isa = PBXFileReference; lastKnownFileType = sourcecode.swift; path = AppDelegate.swift; sourceTree = "<group>"; };
		06D42A2423B1A5F3008C77F9 /* SceneDelegate.swift */ = {isa = PBXFileReference; lastKnownFileType = sourcecode.swift; path = SceneDelegate.swift; sourceTree = "<group>"; };
		06D42A2D23B1A5F5008C77F9 /* Assets.xcassets */ = {isa = PBXFileReference; lastKnownFileType = folder.assetcatalog; path = Assets.xcassets; sourceTree = "<group>"; };
		06D42A3223B1A5F5008C77F9 /* Info.plist */ = {isa = PBXFileReference; lastKnownFileType = text.plist.xml; path = Info.plist; sourceTree = "<group>"; };
		06DAF97A26875A5400140766 /* CalculationPageController.swift */ = {isa = PBXFileReference; lastKnownFileType = sourcecode.swift; path = CalculationPageController.swift; sourceTree = "<group>"; };
		06E9B7A023B5591200109CB1 /* NewCalculation.swift */ = {isa = PBXFileReference; lastKnownFileType = sourcecode.swift; path = NewCalculation.swift; sourceTree = "<group>"; };
		06F13A1A24243EBC003A21DD /* SettingsController.swift */ = {isa = PBXFileReference; lastKnownFileType = sourcecode.swift; path = SettingsController.swift; sourceTree = "<group>"; };
		7A5D42B2267E9F2200FC8C39 /* README.md */ = {isa = PBXFileReference; lastKnownFileType = net.daringfireball.markdown; path = README.md; sourceTree = "<group>"; };
		7A5D42B3267E9FBC00FC8C39 /* Issues.md */ = {isa = PBXFileReference; lastKnownFileType = net.daringfireball.markdown; path = Issues.md; sourceTree = "<group>"; };
		7A5D42B5267EAB3500FC8C39 /* NewGroup.swift */ = {isa = PBXFileReference; lastKnownFileType = sourcecode.swift; path = NewGroup.swift; sourceTree = "<group>"; };
		7A8D39162677B97400A6D5E1 /* Base */ = {isa = PBXFileReference; lastKnownFileType = file.storyboard; name = Base; path = Base.lproj/Main.storyboard; sourceTree = "<group>"; };
		7AAE058B26A8E18A00B27011 /* en */ = {isa = PBXFileReference; lastKnownFileType = text.plist.strings; name = en; path = MortgageCalculator/en.lproj/Localizable.strings; sourceTree = "<group>"; };
		7AAE058D26A8E24300B27011 /* fr */ = {isa = PBXFileReference; lastKnownFileType = text.plist.strings; name = fr; path = MortgageCalculator/fr.lproj/Localizable.strings; sourceTree = "<group>"; };
		7AAE058E26A8E2BD00B27011 /* ta */ = {isa = PBXFileReference; lastKnownFileType = text.plist.strings; name = ta; path = MortgageCalculator/ta.lproj/Localizable.strings; sourceTree = "<group>"; };
		7AB2D2C226A99F41009F5BF9 /* es */ = {isa = PBXFileReference; lastKnownFileType = text.plist.strings; name = es; path = MortgageCalculator/es.lproj/Localizable.strings; sourceTree = "<group>"; };
		7ACEF162267FC45B00E51F3B /* CalculationCell.swift */ = {isa = PBXFileReference; lastKnownFileType = sourcecode.swift; path = CalculationCell.swift; sourceTree = "<group>"; };
		7ACEF164267FC47D00E51F3B /* GroupCell.swift */ = {isa = PBXFileReference; lastKnownFileType = sourcecode.swift; path = GroupCell.swift; sourceTree = "<group>"; };
/* End PBXFileReference section */

/* Begin PBXFrameworksBuildPhase section */
		06D42A1C23B1A5F3008C77F9 /* Frameworks */ = {
			isa = PBXFrameworksBuildPhase;
			buildActionMask = 2147483647;
			files = (
				06441BC424144ABF00FD272F /* SwiftyJSON in Frameworks */,
			);
			runOnlyForDeploymentPostprocessing = 0;
		};
/* End PBXFrameworksBuildPhase section */

/* Begin PBXGroup section */
		06D42A1623B1A5F3008C77F9 = {
			isa = PBXGroup;
			children = (
				7AAE058A26A8E18A00B27011 /* Localizable.strings */,
				06D42A2123B1A5F3008C77F9 /* MortgageCalculator */,
				06D42A2023B1A5F3008C77F9 /* Products */,
			);
			sourceTree = "<group>";
		};
		06D42A2023B1A5F3008C77F9 /* Products */ = {
			isa = PBXGroup;
			children = (
				06D42A1F23B1A5F3008C77F9 /* MortgageCalculator.app */,
			);
			name = Products;
			sourceTree = "<group>";
		};
		06D42A2123B1A5F3008C77F9 /* MortgageCalculator */ = {
			isa = PBXGroup;
			children = (
				7A5D42B2267E9F2200FC8C39 /* README.md */,
				7A5D42B3267E9FBC00FC8C39 /* Issues.md */,
				06D42A3223B1A5F5008C77F9 /* Info.plist */,
				06D42A2D23B1A5F5008C77F9 /* Assets.xcassets */,
				7A8D39152677B97400A6D5E1 /* Main.storyboard */,
				7A5D42B1267BCBF900FC8C39 /* App and Scene Delegate */,
				7A5D42B4267EAA4B00FC8C39 /* Groups & Calculations */,
				7A5D42AE267BC88F00FC8C39 /* Recents Screen */,
				7A5D42AF267BC8A700FC8C39 /* Starred Screen */,
				7A5D42B0267BC8B400FC8C39 /* Settings Screen */,
				06814EBD23B481C400F9692A /* DataSource.swift */,
				06378ED8242916220034153A /* SelectionAlertController.swift */,
				0621BB552431053400B483AD /* Extensions.swift */,
			);
			path = MortgageCalculator;
			sourceTree = "<group>";
		};
		7A5D42AE267BC88F00FC8C39 /* Recents Screen */ = {
			isa = PBXGroup;
			children = (
				06814EC123B487CE00F9692A /* RecentsViewController.swift */,
				06814EC323B488E300F9692A /* RecentsTableViewController.swift */,
			);
			path = "Recents Screen";
			sourceTree = "<group>";
		};
		7A5D42AF267BC8A700FC8C39 /* Starred Screen */ = {
			isa = PBXGroup;
			children = (
				0680A2F72420409700B98ABA /* StarredViewController.swift */,
				0680A2F9242041CF00B98ABA /* StarredScrollViewController.swift */,
			);
			path = "Starred Screen";
			sourceTree = "<group>";
		};
		7A5D42B0267BC8B400FC8C39 /* Settings Screen */ = {
			isa = PBXGroup;
			children = (
				06F13A1A24243EBC003A21DD /* SettingsController.swift */,
			);
			path = "Settings Screen";
			sourceTree = "<group>";
		};
		7A5D42B1267BCBF900FC8C39 /* App and Scene Delegate */ = {
			isa = PBXGroup;
			children = (
				06D42A2223B1A5F3008C77F9 /* AppDelegate.swift */,
				06D42A2423B1A5F3008C77F9 /* SceneDelegate.swift */,
			);
			path = "App and Scene Delegate";
			sourceTree = "<group>";
		};
		7A5D42B4267EAA4B00FC8C39 /* Groups & Calculations */ = {
			isa = PBXGroup;
			children = (
				06E9B7A023B5591200109CB1 /* NewCalculation.swift */,
				7ACEF162267FC45B00E51F3B /* CalculationCell.swift */,
				7A5D42B5267EAB3500FC8C39 /* NewGroup.swift */,
				7ACEF164267FC47D00E51F3B /* GroupCell.swift */,
				06DAF97A26875A5400140766 /* CalculationPageController.swift */,
			);
			path = "Groups & Calculations";
			sourceTree = "<group>";
		};
/* End PBXGroup section */

/* Begin PBXNativeTarget section */
		06D42A1E23B1A5F3008C77F9 /* MortgageCalculator */ = {
			isa = PBXNativeTarget;
			buildConfigurationList = 06D42A3523B1A5F5008C77F9 /* Build configuration list for PBXNativeTarget "MortgageCalculator" */;
			buildPhases = (
				06D42A1B23B1A5F3008C77F9 /* Sources */,
				06D42A1C23B1A5F3008C77F9 /* Frameworks */,
				06D42A1D23B1A5F3008C77F9 /* Resources */,
			);
			buildRules = (
			);
			dependencies = (
			);
			name = MortgageCalculator;
			packageProductDependencies = (
				06441BC324144ABF00FD272F /* SwiftyJSON */,
			);
			productName = KalyanCalculator;
			productReference = 06D42A1F23B1A5F3008C77F9 /* MortgageCalculator.app */;
			productType = "com.apple.product-type.application";
		};
/* End PBXNativeTarget section */

/* Begin PBXProject section */
		06D42A1723B1A5F3008C77F9 /* Project object */ = {
			isa = PBXProject;
			attributes = {
				LastSwiftUpdateCheck = 1130;
				LastUpgradeCheck = 1330;
				ORGANIZATIONNAME = "REMA Consulting Group LLC";
				TargetAttributes = {
					06D42A1E23B1A5F3008C77F9 = {
						CreatedOnToolsVersion = 11.3;
					};
				};
			};
			buildConfigurationList = 06D42A1A23B1A5F3008C77F9 /* Build configuration list for PBXProject "MortgageCalculator" */;
			compatibilityVersion = "Xcode 9.3";
			developmentRegion = en;
			hasScannedForEncodings = 0;
			knownRegions = (
				en,
				Base,
				fr,
				ta,
				sp,
				es,
			);
			mainGroup = 06D42A1623B1A5F3008C77F9;
			packageReferences = (
				06441BC224144ABF00FD272F /* XCRemoteSwiftPackageReference "SwiftyJSON" */,
			);
			productRefGroup = 06D42A2023B1A5F3008C77F9 /* Products */;
			projectDirPath = "";
			projectRoot = "";
			targets = (
				06D42A1E23B1A5F3008C77F9 /* MortgageCalculator */,
			);
		};
/* End PBXProject section */

/* Begin PBXResourcesBuildPhase section */
		06D42A1D23B1A5F3008C77F9 /* Resources */ = {
			isa = PBXResourcesBuildPhase;
			buildActionMask = 2147483647;
			files = (
				06D42A2E23B1A5F5008C77F9 /* Assets.xcassets in Resources */,
				7AAE058C26A8E18A00B27011 /* Localizable.strings in Resources */,
				7A8D39172677B97400A6D5E1 /* Main.storyboard in Resources */,
			);
			runOnlyForDeploymentPostprocessing = 0;
		};
/* End PBXResourcesBuildPhase section */

/* Begin PBXSourcesBuildPhase section */
		06D42A1B23B1A5F3008C77F9 /* Sources */ = {
			isa = PBXSourcesBuildPhase;
			buildActionMask = 2147483647;
			files = (
				7A5D42B6267EAB3500FC8C39 /* NewGroup.swift in Sources */,
				06814EC423B488E300F9692A /* RecentsTableViewController.swift in Sources */,
				06814EC223B487CE00F9692A /* RecentsViewController.swift in Sources */,
				06DAF97B26875A5400140766 /* CalculationPageController.swift in Sources */,
				0680A2F82420409700B98ABA /* StarredViewController.swift in Sources */,
				06E9B7A123B5591200109CB1 /* NewCalculation.swift in Sources */,
				0680A2FA242041CF00B98ABA /* StarredScrollViewController.swift in Sources */,
				7ACEF163267FC45B00E51F3B /* CalculationCell.swift in Sources */,
				7ACEF165267FC47D00E51F3B /* GroupCell.swift in Sources */,
				06D42A2323B1A5F3008C77F9 /* AppDelegate.swift in Sources */,
				06F13A1B24243EBC003A21DD /* SettingsController.swift in Sources */,
				0621BB562431053400B483AD /* Extensions.swift in Sources */,
				06814EBE23B481C400F9692A /* DataSource.swift in Sources */,
				06378ED9242916220034153A /* SelectionAlertController.swift in Sources */,
				06D42A2523B1A5F3008C77F9 /* SceneDelegate.swift in Sources */,
			);
			runOnlyForDeploymentPostprocessing = 0;
		};
/* End PBXSourcesBuildPhase section */

/* Begin PBXVariantGroup section */
		7A8D39152677B97400A6D5E1 /* Main.storyboard */ = {
			isa = PBXVariantGroup;
			children = (
				7A8D39162677B97400A6D5E1 /* Base */,
			);
			name = Main.storyboard;
			sourceTree = "<group>";
		};
		7AAE058A26A8E18A00B27011 /* Localizable.strings */ = {
			isa = PBXVariantGroup;
			children = (
				7AAE058B26A8E18A00B27011 /* en */,
				7AAE058D26A8E24300B27011 /* fr */,
				7AAE058E26A8E2BD00B27011 /* ta */,
				7AB2D2C226A99F41009F5BF9 /* es */,
			);
			name = Localizable.strings;
			sourceTree = "<group>";
		};
/* End PBXVariantGroup section */

/* Begin XCBuildConfiguration section */
		06D42A3323B1A5F5008C77F9 /* Debug */ = {
			isa = XCBuildConfiguration;
			buildSettings = {
				ALWAYS_SEARCH_USER_PATHS = NO;
				CLANG_ANALYZER_LOCALIZABILITY_NONLOCALIZED = YES;
				CLANG_ANALYZER_NONNULL = YES;
				CLANG_ANALYZER_NUMBER_OBJECT_CONVERSION = YES_AGGRESSIVE;
				CLANG_CXX_LANGUAGE_STANDARD = "gnu++14";
				CLANG_CXX_LIBRARY = "libc++";
				CLANG_ENABLE_MODULES = YES;
				CLANG_ENABLE_OBJC_ARC = YES;
				CLANG_ENABLE_OBJC_WEAK = YES;
				CLANG_WARN_BLOCK_CAPTURE_AUTORELEASING = YES;
				CLANG_WARN_BOOL_CONVERSION = YES;
				CLANG_WARN_COMMA = YES;
				CLANG_WARN_CONSTANT_CONVERSION = YES;
				CLANG_WARN_DEPRECATED_OBJC_IMPLEMENTATIONS = YES;
				CLANG_WARN_DIRECT_OBJC_ISA_USAGE = YES_ERROR;
				CLANG_WARN_DOCUMENTATION_COMMENTS = YES;
				CLANG_WARN_EMPTY_BODY = YES;
				CLANG_WARN_ENUM_CONVERSION = YES;
				CLANG_WARN_INFINITE_RECURSION = YES;
				CLANG_WARN_INT_CONVERSION = YES;
				CLANG_WARN_NON_LITERAL_NULL_CONVERSION = YES;
				CLANG_WARN_OBJC_IMPLICIT_RETAIN_SELF = YES;
				CLANG_WARN_OBJC_LITERAL_CONVERSION = YES;
				CLANG_WARN_OBJC_ROOT_CLASS = YES_ERROR;
				CLANG_WARN_QUOTED_INCLUDE_IN_FRAMEWORK_HEADER = YES;
				CLANG_WARN_RANGE_LOOP_ANALYSIS = YES;
				CLANG_WARN_STRICT_PROTOTYPES = YES;
				CLANG_WARN_SUSPICIOUS_MOVE = YES;
				CLANG_WARN_UNGUARDED_AVAILABILITY = YES_AGGRESSIVE;
				CLANG_WARN_UNREACHABLE_CODE = YES;
				CLANG_WARN__DUPLICATE_METHOD_MATCH = YES;
				COPY_PHASE_STRIP = NO;
				DEBUG_INFORMATION_FORMAT = dwarf;
				ENABLE_STRICT_OBJC_MSGSEND = YES;
				ENABLE_TESTABILITY = YES;
				GCC_C_LANGUAGE_STANDARD = gnu11;
				GCC_DYNAMIC_NO_PIC = NO;
				GCC_NO_COMMON_BLOCKS = YES;
				GCC_OPTIMIZATION_LEVEL = 0;
				GCC_PREPROCESSOR_DEFINITIONS = (
					"DEBUG=1",
					"$(inherited)",
				);
				GCC_WARN_64_TO_32_BIT_CONVERSION = YES;
				GCC_WARN_ABOUT_RETURN_TYPE = YES_ERROR;
				GCC_WARN_UNDECLARED_SELECTOR = YES;
				GCC_WARN_UNINITIALIZED_AUTOS = YES_AGGRESSIVE;
				GCC_WARN_UNUSED_FUNCTION = YES;
				GCC_WARN_UNUSED_VARIABLE = YES;
				IPHONEOS_DEPLOYMENT_TARGET = 14.5;
				MTL_ENABLE_DEBUG_INFO = INCLUDE_SOURCE;
				MTL_FAST_MATH = YES;
				ONLY_ACTIVE_ARCH = YES;
				SDKROOT = iphoneos;
				SWIFT_ACTIVE_COMPILATION_CONDITIONS = DEBUG;
				SWIFT_OPTIMIZATION_LEVEL = "-Onone";
				SWIFT_VERSION = 5.0;
			};
			name = Debug;
		};
		06D42A3423B1A5F5008C77F9 /* Release */ = {
			isa = XCBuildConfiguration;
			buildSettings = {
				ALWAYS_SEARCH_USER_PATHS = NO;
				CLANG_ANALYZER_LOCALIZABILITY_NONLOCALIZED = YES;
				CLANG_ANALYZER_NONNULL = YES;
				CLANG_ANALYZER_NUMBER_OBJECT_CONVERSION = YES_AGGRESSIVE;
				CLANG_CXX_LANGUAGE_STANDARD = "gnu++14";
				CLANG_CXX_LIBRARY = "libc++";
				CLANG_ENABLE_MODULES = YES;
				CLANG_ENABLE_OBJC_ARC = YES;
				CLANG_ENABLE_OBJC_WEAK = YES;
				CLANG_WARN_BLOCK_CAPTURE_AUTORELEASING = YES;
				CLANG_WARN_BOOL_CONVERSION = YES;
				CLANG_WARN_COMMA = YES;
				CLANG_WARN_CONSTANT_CONVERSION = YES;
				CLANG_WARN_DEPRECATED_OBJC_IMPLEMENTATIONS = YES;
				CLANG_WARN_DIRECT_OBJC_ISA_USAGE = YES_ERROR;
				CLANG_WARN_DOCUMENTATION_COMMENTS = YES;
				CLANG_WARN_EMPTY_BODY = YES;
				CLANG_WARN_ENUM_CONVERSION = YES;
				CLANG_WARN_INFINITE_RECURSION = YES;
				CLANG_WARN_INT_CONVERSION = YES;
				CLANG_WARN_NON_LITERAL_NULL_CONVERSION = YES;
				CLANG_WARN_OBJC_IMPLICIT_RETAIN_SELF = YES;
				CLANG_WARN_OBJC_LITERAL_CONVERSION = YES;
				CLANG_WARN_OBJC_ROOT_CLASS = YES_ERROR;
				CLANG_WARN_QUOTED_INCLUDE_IN_FRAMEWORK_HEADER = YES;
				CLANG_WARN_RANGE_LOOP_ANALYSIS = YES;
				CLANG_WARN_STRICT_PROTOTYPES = YES;
				CLANG_WARN_SUSPICIOUS_MOVE = YES;
				CLANG_WARN_UNGUARDED_AVAILABILITY = YES_AGGRESSIVE;
				CLANG_WARN_UNREACHABLE_CODE = YES;
				CLANG_WARN__DUPLICATE_METHOD_MATCH = YES;
				COPY_PHASE_STRIP = NO;
				DEBUG_INFORMATION_FORMAT = "dwarf-with-dsym";
				ENABLE_NS_ASSERTIONS = NO;
				ENABLE_STRICT_OBJC_MSGSEND = YES;
				GCC_C_LANGUAGE_STANDARD = gnu11;
				GCC_NO_COMMON_BLOCKS = YES;
				GCC_WARN_64_TO_32_BIT_CONVERSION = YES;
				GCC_WARN_ABOUT_RETURN_TYPE = YES_ERROR;
				GCC_WARN_UNDECLARED_SELECTOR = YES;
				GCC_WARN_UNINITIALIZED_AUTOS = YES_AGGRESSIVE;
				GCC_WARN_UNUSED_FUNCTION = YES;
				GCC_WARN_UNUSED_VARIABLE = YES;
				IPHONEOS_DEPLOYMENT_TARGET = 14.5;
				MTL_ENABLE_DEBUG_INFO = NO;
				MTL_FAST_MATH = YES;
				SDKROOT = iphoneos;
				SWIFT_COMPILATION_MODE = wholemodule;
				SWIFT_OPTIMIZATION_LEVEL = "-O";
				SWIFT_VERSION = 5.0;
				VALIDATE_PRODUCT = YES;
			};
			name = Release;
		};
		06D42A3623B1A5F5008C77F9 /* Debug */ = {
			isa = XCBuildConfiguration;
			buildSettings = {
				ASSETCATALOG_COMPILER_APPICON_NAME = AppIcon;
				CODE_SIGN_STYLE = Automatic;
				DEVELOPMENT_TEAM = VW94992H5U;
				INFOPLIST_FILE = MortgageCalculator/Info.plist;
				IPHONEOS_DEPLOYMENT_TARGET = 14.4;
				LD_RUNPATH_SEARCH_PATHS = (
					"$(inherited)",
					"@executable_path/Frameworks",
				);
				PRODUCT_BUNDLE_IDENTIFIER = com.apps.rcg.mortgagecalculator;
				PRODUCT_NAME = MortgageCalculator;
				SWIFT_VERSION = 5.0;
				TARGETED_DEVICE_FAMILY = 1;
			};
			name = Debug;
		};
		06D42A3723B1A5F5008C77F9 /* Release */ = {
			isa = XCBuildConfiguration;
			buildSettings = {
				ASSETCATALOG_COMPILER_APPICON_NAME = AppIcon;
				CODE_SIGN_STYLE = Automatic;
				DEVELOPMENT_TEAM = VW94992H5U;
				INFOPLIST_FILE = MortgageCalculator/Info.plist;
				IPHONEOS_DEPLOYMENT_TARGET = 14.4;
				LD_RUNPATH_SEARCH_PATHS = (
					"$(inherited)",
					"@executable_path/Frameworks",
				);
				PRODUCT_BUNDLE_IDENTIFIER = com.apps.rcg.mortgagecalculator;
				PRODUCT_NAME = MortgageCalculator;
				SWIFT_VERSION = 5.0;
				TARGETED_DEVICE_FAMILY = 1;
			};
			name = Release;
		};
/* End XCBuildConfiguration section */

/* Begin XCConfigurationList section */
		06D42A1A23B1A5F3008C77F9 /* Build configuration list for PBXProject "MortgageCalculator" */ = {
			isa = XCConfigurationList;
			buildConfigurations = (
				06D42A3323B1A5F5008C77F9 /* Debug */,
				06D42A3423B1A5F5008C77F9 /* Release */,
			);
			defaultConfigurationIsVisible = 0;
			defaultConfigurationName = Release;
		};
		06D42A3523B1A5F5008C77F9 /* Build configuration list for PBXNativeTarget "MortgageCalculator" */ = {
			isa = XCConfigurationList;
			buildConfigurations = (
				06D42A3623B1A5F5008C77F9 /* Debug */,
				06D42A3723B1A5F5008C77F9 /* Release */,
			);
			defaultConfigurationIsVisible = 0;
			defaultConfigurationName = Release;
		};
/* End XCConfigurationList section */

/* Begin XCRemoteSwiftPackageReference section */
		06441BC224144ABF00FD272F /* XCRemoteSwiftPackageReference "SwiftyJSON" */ = {
			isa = XCRemoteSwiftPackageReference;
			repositoryURL = "https://github.com/SwiftyJSON/SwiftyJSON";
			requirement = {
				kind = upToNextMajorVersion;
				minimumVersion = 5.0.0;
			};
		};
/* End XCRemoteSwiftPackageReference section */

/* Begin XCSwiftPackageProductDependency section */
		06441BC324144ABF00FD272F /* SwiftyJSON */ = {
			isa = XCSwiftPackageProductDependency;
			package = 06441BC224144ABF00FD272F /* XCRemoteSwiftPackageReference "SwiftyJSON" */;
			productName = SwiftyJSON;
		};
/* End XCSwiftPackageProductDependency section */
	};
	rootObject = 06D42A1723B1A5F3008C77F9 /* Project object */;
}
